
Microsoft Visual Studio Solution File, Format Version 12.00
# Visual Studio 14
VisualStudioVersion = 14.0.23107.0
MinimumVisualStudioVersion = 10.0.40219.1
Project("{FAE04EC0-301F-11D3-BF4B-00C04F79EFBC}") = "Frontend", "Frontend\Frontend.csproj", "{3EB05F72-76CE-4DAC-A401-4610553EBDE1}"
EndProject
Project("{FAE04EC0-301F-11D3-BF4B-00C04F79EFBC}") = "Frontend.Tests", "Frontend.Tests\Frontend.Tests.csproj", "{0E99779A-32DD-4065-AB2E-CCEA1B062295}"
EndProject
Project("{2150E333-8FDC-42A3-9474-1A3956D46DE8}") = "src", "src", "{DD31A672-D254-4E47-A378-6D13E796FFBD}"
EndProject
Project("{2150E333-8FDC-42A3-9474-1A3956D46DE8}") = "test", "test", "{1A06EC72-A90E-4105-AE14-BF5EFDC26EB4}"
EndProject
Project("{FAE04EC0-301F-11D3-BF4B-00C04F79EFBC}") = "Domain", "Domain\Domain.csproj", "{458143EE-95BB-4671-B86D-71B5B9A29951}"
EndProject
Project("{FAE04EC0-301F-11D3-BF4B-00C04F79EFBC}") = "Domain.Test", "Domain.Test\Domain.Test.csproj", "{C7F4F5BF-D310-41F8-9D59-A3EF6E88E5EC}"
EndProject
Project("{FAE04EC0-301F-11D3-BF4B-00C04F79EFBC}") = "Resources", "Resources\Resources.csproj", "{9E257B8E-5964-4FFA-AE99-1845C21D841A}"
EndProject
Project("{FAE04EC0-301F-11D3-BF4B-00C04F79EFBC}") = "Windsor", "Windsor\Windsor.csproj", "{BE4A42CE-79D9-46C1-B50B-92599CDFA5EC}"
EndProject
Global
	GlobalSection(SolutionConfigurationPlatforms) = preSolution
		Debug|Any CPU = Debug|Any CPU
		Release|Any CPU = Release|Any CPU
	EndGlobalSection
	GlobalSection(ProjectConfigurationPlatforms) = postSolution
		{3EB05F72-76CE-4DAC-A401-4610553EBDE1}.Debug|Any CPU.ActiveCfg = Debug|Any CPU
		{3EB05F72-76CE-4DAC-A401-4610553EBDE1}.Debug|Any CPU.Build.0 = Debug|Any CPU
		{3EB05F72-76CE-4DAC-A401-4610553EBDE1}.Release|Any CPU.ActiveCfg = Release|Any CPU
		{3EB05F72-76CE-4DAC-A401-4610553EBDE1}.Release|Any CPU.Build.0 = Release|Any CPU
		{0E99779A-32DD-4065-AB2E-CCEA1B062295}.Debug|Any CPU.ActiveCfg = Debug|Any CPU
		{0E99779A-32DD-4065-AB2E-CCEA1B062295}.Debug|Any CPU.Build.0 = Debug|Any CPU
		{0E99779A-32DD-4065-AB2E-CCEA1B062295}.Release|Any CPU.ActiveCfg = Release|Any CPU
		{0E99779A-32DD-4065-AB2E-CCEA1B062295}.Release|Any CPU.Build.0 = Release|Any CPU
		{458143EE-95BB-4671-B86D-71B5B9A29951}.Debug|Any CPU.ActiveCfg = Debug|Any CPU
		{458143EE-95BB-4671-B86D-71B5B9A29951}.Debug|Any CPU.Build.0 = Debug|Any CPU
		{458143EE-95BB-4671-B86D-71B5B9A29951}.Release|Any CPU.ActiveCfg = Release|Any CPU
		{458143EE-95BB-4671-B86D-71B5B9A29951}.Release|Any CPU.Build.0 = Release|Any CPU
		{C7F4F5BF-D310-41F8-9D59-A3EF6E88E5EC}.Debug|Any CPU.ActiveCfg = Debug|Any CPU
		{C7F4F5BF-D310-41F8-9D59-A3EF6E88E5EC}.Debug|Any CPU.Build.0 = Debug|Any CPU
		{C7F4F5BF-D310-41F8-9D59-A3EF6E88E5EC}.Release|Any CPU.ActiveCfg = Release|Any CPU
		{C7F4F5BF-D310-41F8-9D59-A3EF6E88E5EC}.Release|Any CPU.Build.0 = Release|Any CPU
		{9E257B8E-5964-4FFA-AE99-1845C21D841A}.Debug|Any CPU.ActiveCfg = Debug|Any CPU
		{9E257B8E-5964-4FFA-AE99-1845C21D841A}.Debug|Any CPU.Build.0 = Debug|Any CPU
		{9E257B8E-5964-4FFA-AE99-1845C21D841A}.Release|Any CPU.ActiveCfg = Release|Any CPU
		{9E257B8E-5964-4FFA-AE99-1845C21D841A}.Release|Any CPU.Build.0 = Release|Any CPU
		{BE4A42CE-79D9-46C1-B50B-92599CDFA5EC}.Debug|Any CPU.ActiveCfg = Debug|Any CPU
		{BE4A42CE-79D9-46C1-B50B-92599CDFA5EC}.Debug|Any CPU.Build.0 = Debug|Any CPU
		{BE4A42CE-79D9-46C1-B50B-92599CDFA5EC}.Release|Any CPU.ActiveCfg = Release|Any CPU
		{BE4A42CE-79D9-46C1-B50B-92599CDFA5EC}.Release|Any CPU.Build.0 = Release|Any CPU
	EndGlobalSection
	GlobalSection(SolutionProperties) = preSolution
		HideSolutionNode = FALSE
	EndGlobalSection
	GlobalSection(NestedProjects) = preSolution
		{3EB05F72-76CE-4DAC-A401-4610553EBDE1} = {DD31A672-D254-4E47-A378-6D13E796FFBD}
		{0E99779A-32DD-4065-AB2E-CCEA1B062295} = {1A06EC72-A90E-4105-AE14-BF5EFDC26EB4}
		{458143EE-95BB-4671-B86D-71B5B9A29951} = {DD31A672-D254-4E47-A378-6D13E796FFBD}
		{C7F4F5BF-D310-41F8-9D59-A3EF6E88E5EC} = {1A06EC72-A90E-4105-AE14-BF5EFDC26EB4}
		{9E257B8E-5964-4FFA-AE99-1845C21D841A} = {DD31A672-D254-4E47-A378-6D13E796FFBD}
		{BE4A42CE-79D9-46C1-B50B-92599CDFA5EC} = {DD31A672-D254-4E47-A378-6D13E796FFBD}
	EndGlobalSection
EndGlobal
